
Microsoft Visual Studio Solution File, Format Version 12.00
# Visual Studio 14
VisualStudioVersion = 14.0.23107.0
MinimumVisualStudioVersion = 10.0.40219.1
Project("{FAE04EC0-301F-11D3-BF4B-00C04F79EFBC}") = "ProductFilters", "ProductFilters\ProductFilters.csproj", "{98EBD426-E537-4C38-9580-66AE00F7612E}"
EndProject
Global
	GlobalSection(SolutionConfigurationPlatforms) = preSolution
		Debug|Any CPU = Debug|Any CPU
		Release|Any CPU = Release|Any CPU
	EndGlobalSection
	GlobalSection(ProjectConfigurationPlatforms) = postSolution
		{98EBD426-E537-4C38-9580-66AE00F7612E}.Debug|Any CPU.ActiveCfg = Debug|Any CPU
		{98EBD426-E537-4C38-9580-66AE00F7612E}.Debug|Any CPU.Build.0 = Debug|Any CPU
		{98EBD426-E537-4C38-9580-66AE00F7612E}.Release|Any CPU.ActiveCfg = Release|Any CPU
		{98EBD426-E537-4C38-9580-66AE00F7612E}.Release|Any CPU.Build.0 = Release|Any CPU
	EndGlobalSection
	GlobalSection(SolutionProperties) = preSolution
		HideSolutionNode = FALSE
	EndGlobalSection
EndGlobal
